// !$*UTF8*$!
{
	archiveVersion = 1;
	classes = {
	};
	objectVersion = 46;
	objects = {

/* Begin PBXBuildFile section */
		D39114511A91D78F00EB517D /* DataController.swift in Sources */ = {isa = PBXBuildFile; fileRef = D39114501A91D78F00EB517D /* DataController.swift */; };
		D39114531A91F29600EB517D /* CoreData.framework in Frameworks */ = {isa = PBXBuildFile; fileRef = D39114521A91F29600EB517D /* CoreData.framework */; };
		D39114561A91F37B00EB517D /* FoodTracker.xcdatamodeld in Sources */ = {isa = PBXBuildFile; fileRef = D39114541A91F37B00EB517D /* FoodTracker.xcdatamodeld */; };
		D391145A1A921B0200EB517D /* USDAItem.swift in Sources */ = {isa = PBXBuildFile; fileRef = D39114591A921B0200EB517D /* USDAItem.swift */; };
		D3FC68AE1A90F9730065E03A /* AppDelegate.swift in Sources */ = {isa = PBXBuildFile; fileRef = D3FC68AD1A90F9730065E03A /* AppDelegate.swift */; };
		D3FC68B01A90F9730065E03A /* ViewController.swift in Sources */ = {isa = PBXBuildFile; fileRef = D3FC68AF1A90F9730065E03A /* ViewController.swift */; };
		D3FC68B31A90F9730065E03A /* Main.storyboard in Resources */ = {isa = PBXBuildFile; fileRef = D3FC68B11A90F9730065E03A /* Main.storyboard */; };
		D3FC68B51A90F9730065E03A /* Images.xcassets in Resources */ = {isa = PBXBuildFile; fileRef = D3FC68B41A90F9730065E03A /* Images.xcassets */; };
		D3FC68B81A90F9730065E03A /* LaunchScreen.xib in Resources */ = {isa = PBXBuildFile; fileRef = D3FC68B61A90F9730065E03A /* LaunchScreen.xib */; };
		D3FC68C41A90F9730065E03A /* FoodTrackerTests.swift in Sources */ = {isa = PBXBuildFile; fileRef = D3FC68C31A90F9730065E03A /* FoodTrackerTests.swift */; };
		D3FC68CE1A90FA7A0065E03A /* DetailViewController.swift in Sources */ = {isa = PBXBuildFile; fileRef = D3FC68CD1A90FA7A0065E03A /* DetailViewController.swift */; };
/* End PBXBuildFile section */

/* Begin PBXContainerItemProxy section */
		D3FC68BE1A90F9730065E03A /* PBXContainerItemProxy */ = {
			isa = PBXContainerItemProxy;
			containerPortal = D3FC68A01A90F9730065E03A /* Project object */;
			proxyType = 1;
			remoteGlobalIDString = D3FC68A71A90F9730065E03A;
			remoteInfo = FoodTracker;
		};
/* End PBXContainerItemProxy section */

/* Begin PBXFileReference section */
		D39114501A91D78F00EB517D /* DataController.swift */ = {isa = PBXFileReference; fileEncoding = 4; lastKnownFileType = sourcecode.swift; path = DataController.swift; sourceTree = "<group>"; };
		D39114521A91F29600EB517D /* CoreData.framework */ = {isa = PBXFileReference; lastKnownFileType = wrapper.framework; name = CoreData.framework; path = System/Library/Frameworks/CoreData.framework; sourceTree = SDKROOT; };
		D39114551A91F37B00EB517D /* FoodTracker.xcdatamodel */ = {isa = PBXFileReference; lastKnownFileType = wrapper.xcdatamodel; path = FoodTracker.xcdatamodel; sourceTree = "<group>"; };
		D39114591A921B0200EB517D /* USDAItem.swift */ = {isa = PBXFileReference; fileEncoding = 4; lastKnownFileType = sourcecode.swift; name = USDAItem.swift; path = ../USDAItem.swift; sourceTree = "<group>"; };
		D3FC68A81A90F9730065E03A /* FoodTracker.app */ = {isa = PBXFileReference; explicitFileType = wrapper.application; includeInIndex = 0; path = FoodTracker.app; sourceTree = BUILT_PRODUCTS_DIR; };
		D3FC68AC1A90F9730065E03A /* Info.plist */ = {isa = PBXFileReference; lastKnownFileType = text.plist.xml; path = Info.plist; sourceTree = "<group>"; };
		D3FC68AD1A90F9730065E03A /* AppDelegate.swift */ = {isa = PBXFileReference; lastKnownFileType = sourcecode.swift; path = AppDelegate.swift; sourceTree = "<group>"; };
		D3FC68AF1A90F9730065E03A /* ViewController.swift */ = {isa = PBXFileReference; lastKnownFileType = sourcecode.swift; path = ViewController.swift; sourceTree = "<group>"; };
		D3FC68B21A90F9730065E03A /* Base */ = {isa = PBXFileReference; lastKnownFileType = file.storyboard; name = Base; path = Base.lproj/Main.storyboard; sourceTree = "<group>"; };
		D3FC68B41A90F9730065E03A /* Images.xcassets */ = {isa = PBXFileReference; lastKnownFileType = folder.assetcatalog; path = Images.xcassets; sourceTree = "<group>"; };
		D3FC68B71A90F9730065E03A /* Base */ = {isa = PBXFileReference; lastKnownFileType = file.xib; name = Base; path = Base.lproj/LaunchScreen.xib; sourceTree = "<group>"; };
		D3FC68BD1A90F9730065E03A /* FoodTrackerTests.xctest */ = {isa = PBXFileReference; explicitFileType = wrapper.cfbundle; includeInIndex = 0; path = FoodTrackerTests.xctest; sourceTree = BUILT_PRODUCTS_DIR; };
		D3FC68C21A90F9730065E03A /* Info.plist */ = {isa = PBXFileReference; lastKnownFileType = text.plist.xml; path = Info.plist; sourceTree = "<group>"; };
		D3FC68C31A90F9730065E03A /* FoodTrackerTests.swift */ = {isa = PBXFileReference; lastKnownFileType = sourcecode.swift; path = FoodTrackerTests.swift; sourceTree = "<group>"; };
		D3FC68CD1A90FA7A0065E03A /* DetailViewController.swift */ = {isa = PBXFileReference; fileEncoding = 4; lastKnownFileType = sourcecode.swift; path = DetailViewController.swift; sourceTree = "<group>"; };
/* End PBXFileReference section */

/* Begin PBXFrameworksBuildPhase section */
		D3FC68A51A90F9730065E03A /* Frameworks */ = {
			isa = PBXFrameworksBuildPhase;
			buildActionMask = 2147483647;
			files = (
				D39114531A91F29600EB517D /* CoreData.framework in Frameworks */,
			);
			runOnlyForDeploymentPostprocessing = 0;
		};
		D3FC68BA1A90F9730065E03A /* Frameworks */ = {
			isa = PBXFrameworksBuildPhase;
			buildActionMask = 2147483647;
			files = (
			);
			runOnlyForDeploymentPostprocessing = 0;
		};
/* End PBXFrameworksBuildPhase section */

/* Begin PBXGroup section */
		D3FC689F1A90F9730065E03A = {
			isa = PBXGroup;
			children = (
				D3FC68AA1A90F9730065E03A /* FoodTracker */,
				D3FC68C01A90F9730065E03A /* FoodTrackerTests */,
				D3FC68A91A90F9730065E03A /* Products */,
			);
			sourceTree = "<group>";
		};
		D3FC68A91A90F9730065E03A /* Products */ = {
			isa = PBXGroup;
			children = (
				D3FC68A81A90F9730065E03A /* FoodTracker.app */,
				D3FC68BD1A90F9730065E03A /* FoodTrackerTests.xctest */,
			);
			name = Products;
			sourceTree = "<group>";
		};
		D3FC68AA1A90F9730065E03A /* FoodTracker */ = {
			isa = PBXGroup;
			children = (
				D3FC68AD1A90F9730065E03A /* AppDelegate.swift */,
				D3FC68AF1A90F9730065E03A /* ViewController.swift */,
				D39114501A91D78F00EB517D /* DataController.swift */,
				D3FC68CD1A90FA7A0065E03A /* DetailViewController.swift */,
				D3FC68B11A90F9730065E03A /* Main.storyboard */,
				D3FC68B41A90F9730065E03A /* Images.xcassets */,
				D3FC68B61A90F9730065E03A /* LaunchScreen.xib */,
				D39114591A921B0200EB517D /* USDAItem.swift */,
				D39114541A91F37B00EB517D /* FoodTracker.xcdatamodeld */,
				D3FC68AB1A90F9730065E03A /* Supporting Files */,
			);
			path = FoodTracker;
			sourceTree = "<group>";
		};
		D3FC68AB1A90F9730065E03A /* Supporting Files */ = {
			isa = PBXGroup;
			children = (
				D39114521A91F29600EB517D /* CoreData.framework */,
				D3FC68AC1A90F9730065E03A /* Info.plist */,
			);
			name = "Supporting Files";
			sourceTree = "<group>";
		};
		D3FC68C01A90F9730065E03A /* FoodTrackerTests */ = {
			isa = PBXGroup;
			children = (
				D3FC68C31A90F9730065E03A /* FoodTrackerTests.swift */,
				D3FC68C11A90F9730065E03A /* Supporting Files */,
			);
			path = FoodTrackerTests;
			sourceTree = "<group>";
		};
		D3FC68C11A90F9730065E03A /* Supporting Files */ = {
			isa = PBXGroup;
			children = (
				D3FC68C21A90F9730065E03A /* Info.plist */,
			);
			name = "Supporting Files";
			sourceTree = "<group>";
		};
/* End PBXGroup section */

/* Begin PBXNativeTarget section */
		D3FC68A71A90F9730065E03A /* FoodTracker */ = {
			isa = PBXNativeTarget;
			buildConfigurationList = D3FC68C71A90F9730065E03A /* Build configuration list for PBXNativeTarget "FoodTracker" */;
			buildPhases = (
				D3FC68A41A90F9730065E03A /* Sources */,
				D3FC68A51A90F9730065E03A /* Frameworks */,
				D3FC68A61A90F9730065E03A /* Resources */,
			);
			buildRules = (
			);
			dependencies = (
			);
			name = FoodTracker;
			productName = FoodTracker;
			productReference = D3FC68A81A90F9730065E03A /* FoodTracker.app */;
			productType = "com.apple.product-type.application";
		};
		D3FC68BC1A90F9730065E03A /* FoodTrackerTests */ = {
			isa = PBXNativeTarget;
			buildConfigurationList = D3FC68CA1A90F9730065E03A /* Build configuration list for PBXNativeTarget "FoodTrackerTests" */;
			buildPhases = (
				D3FC68B91A90F9730065E03A /* Sources */,
				D3FC68BA1A90F9730065E03A /* Frameworks */,
				D3FC68BB1A90F9730065E03A /* Resources */,
			);
			buildRules = (
			);
			dependencies = (
				D3FC68BF1A90F9730065E03A /* PBXTargetDependency */,
			);
			name = FoodTrackerTests;
			productName = FoodTrackerTests;
			productReference = D3FC68BD1A90F9730065E03A /* FoodTrackerTests.xctest */;
			productType = "com.apple.product-type.bundle.unit-test";
		};
/* End PBXNativeTarget section */

/* Begin PBXProject section */
		D3FC68A01A90F9730065E03A /* Project object */ = {
			isa = PBXProject;
			attributes = {
				LastUpgradeCheck = 0610;
				ORGANIZATIONNAME = "Marko Budal";
				TargetAttributes = {
					D3FC68A71A90F9730065E03A = {
						CreatedOnToolsVersion = 6.1.1;
					};
					D3FC68BC1A90F9730065E03A = {
						CreatedOnToolsVersion = 6.1.1;
						TestTargetID = D3FC68A71A90F9730065E03A;
					};
				};
			};
			buildConfigurationList = D3FC68A31A90F9730065E03A /* Build configuration list for PBXProject "FoodTracker" */;
			compatibilityVersion = "Xcode 3.2";
			developmentRegion = English;
			hasScannedForEncodings = 0;
			knownRegions = (
				en,
				Base,
			);
			mainGroup = D3FC689F1A90F9730065E03A;
			productRefGroup = D3FC68A91A90F9730065E03A /* Products */;
			projectDirPath = "";
			projectRoot = "";
			targets = (
				D3FC68A71A90F9730065E03A /* FoodTracker */,
				D3FC68BC1A90F9730065E03A /* FoodTrackerTests */,
			);
		};
/* End PBXProject section */

/* Begin PBXResourcesBuildPhase section */
		D3FC68A61A90F9730065E03A /* Resources */ = {
			isa = PBXResourcesBuildPhase;
			buildActionMask = 2147483647;
			files = (
				D3FC68B31A90F9730065E03A /* Main.storyboard in Resources */,
				D3FC68B81A90F9730065E03A /* LaunchScreen.xib in Resources */,
				D3FC68B51A90F9730065E03A /* Images.xcassets in Resources */,
			);
			runOnlyForDeploymentPostprocessing = 0;
		};
		D3FC68BB1A90F9730065E03A /* Resources */ = {
			isa = PBXResourcesBuildPhase;
			buildActionMask = 2147483647;
			files = (
			);
			runOnlyForDeploymentPostprocessing = 0;
		};
/* End PBXResourcesBuildPhase section */

/* Begin PBXSourcesBuildPhase section */
		D3FC68A41A90F9730065E03A /* Sources */ = {
			isa = PBXSourcesBuildPhase;
			buildActionMask = 2147483647;
			files = (
				D3FC68CE1A90FA7A0065E03A /* DetailViewController.swift in Sources */,
				D39114511A91D78F00EB517D /* DataController.swift in Sources */,
				D3FC68B01A90F9730065E03A /* ViewController.swift in Sources */,
				D391145A1A921B0200EB517D /* USDAItem.swift in Sources */,
				D39114561A91F37B00EB517D /* FoodTracker.xcdatamodeld in Sources */,
				D3FC68AE1A90F9730065E03A /* AppDelegate.swift in Sources */,
			);
			runOnlyForDeploymentPostprocessing = 0;
		};
		D3FC68B91A90F9730065E03A /* Sources */ = {
			isa = PBXSourcesBuildPhase;
			buildActionMask = 2147483647;
			files = (
				D3FC68C41A90F9730065E03A /* FoodTrackerTests.swift in Sources */,
			);
			runOnlyForDeploymentPostprocessing = 0;
		};
/* End PBXSourcesBuildPhase section */

/* Begin PBXTargetDependency section */
		D3FC68BF1A90F9730065E03A /* PBXTargetDependency */ = {
			isa = PBXTargetDependency;
			target = D3FC68A71A90F9730065E03A /* FoodTracker */;
			targetProxy = D3FC68BE1A90F9730065E03A /* PBXContainerItemProxy */;
		};
/* End PBXTargetDependency section */

/* Begin PBXVariantGroup section */
		D3FC68B11A90F9730065E03A /* Main.storyboard */ = {
			isa = PBXVariantGroup;
			children = (
				D3FC68B21A90F9730065E03A /* Base */,
			);
			name = Main.storyboard;
			sourceTree = "<group>";
		};
		D3FC68B61A90F9730065E03A /* LaunchScreen.xib */ = {
			isa = PBXVariantGroup;
			children = (
				D3FC68B71A90F9730065E03A /* Base */,
			);
			name = LaunchScreen.xib;
			sourceTree = "<group>";
		};
/* End PBXVariantGroup section */

/* Begin XCBuildConfiguration section */
		D3FC68C51A90F9730065E03A /* Debug */ = {
			isa = XCBuildConfiguration;
			buildSettings = {
				ALWAYS_SEARCH_USER_PATHS = NO;
				CLANG_CXX_LANGUAGE_STANDARD = "gnu++0x";
				CLANG_CXX_LIBRARY = "libc++";
				CLANG_ENABLE_MODULES = YES;
				CLANG_ENABLE_OBJC_ARC = YES;
				CLANG_WARN_BOOL_CONVERSION = YES;
				CLANG_WARN_CONSTANT_CONVERSION = YES;
				CLANG_WARN_DIRECT_OBJC_ISA_USAGE = YES_ERROR;
				CLANG_WARN_EMPTY_BODY = YES;
				CLANG_WARN_ENUM_CONVERSION = YES;
				CLANG_WARN_INT_CONVERSION = YES;
				CLANG_WARN_OBJC_ROOT_CLASS = YES_ERROR;
				CLANG_WARN_UNREACHABLE_CODE = YES;
				CLANG_WARN__DUPLICATE_METHOD_MATCH = YES;
				"CODE_SIGN_IDENTITY[sdk=iphoneos*]" = "iPhone Developer";
				COPY_PHASE_STRIP = NO;
				ENABLE_STRICT_OBJC_MSGSEND = YES;
				GCC_C_LANGUAGE_STANDARD = gnu99;
				GCC_DYNAMIC_NO_PIC = NO;
				GCC_OPTIMIZATION_LEVEL = 0;
				GCC_PREPROCESSOR_DEFINITIONS = (
					"DEBUG=1",
					"$(inherited)",
				);
				GCC_SYMBOLS_PRIVATE_EXTERN = NO;
				GCC_WARN_64_TO_32_BIT_CONVERSION = YES;
				GCC_WARN_ABOUT_RETURN_TYPE = YES_ERROR;
				GCC_WARN_UNDECLARED_SELECTOR = YES;
				GCC_WARN_UNINITIALIZED_AUTOS = YES_AGGRESSIVE;
				GCC_WARN_UNUSED_FUNCTION = YES;
				GCC_WARN_UNUSED_VARIABLE = YES;
				IPHONEOS_DEPLOYMENT_TARGET = 8.1;
				MTL_ENABLE_DEBUG_INFO = YES;
				ONLY_ACTIVE_ARCH = YES;
				SDKROOT = iphoneos;
				SWIFT_OPTIMIZATION_LEVEL = "-Onone";
				TARGETED_DEVICE_FAMILY = "1,2";
			};
			name = Debug;
		};
		D3FC68C61A90F9730065E03A /* Release */ = {
			isa = XCBuildConfiguration;
			buildSettings = {
				ALWAYS_SEARCH_USER_PATHS = NO;
				CLANG_CXX_LANGUAGE_STANDARD = "gnu++0x";
				CLANG_CXX_LIBRARY = "libc++";
				CLANG_ENABLE_MODULES = YES;
				CLANG_ENABLE_OBJC_ARC = YES;
				CLANG_WARN_BOOL_CONVERSION = YES;
				CLANG_WARN_CONSTANT_CONVERSION = YES;
				CLANG_WARN_DIRECT_OBJC_ISA_USAGE = YES_ERROR;
				CLANG_WARN_EMPTY_BODY = YES;
				CLANG_WARN_ENUM_CONVERSION = YES;
				CLANG_WARN_INT_CONVERSION = YES;
				CLANG_WARN_OBJC_ROOT_CLASS = YES_ERROR;
				CLANG_WARN_UNREACHABLE_CODE = YES;
				CLANG_WARN__DUPLICATE_METHOD_MATCH = YES;
				"CODE_SIGN_IDENTITY[sdk=iphoneos*]" = "iPhone Developer";
				COPY_PHASE_STRIP = YES;
				ENABLE_NS_ASSERTIONS = NO;
				ENABLE_STRICT_OBJC_MSGSEND = YES;
				GCC_C_LANGUAGE_STANDARD = gnu99;
				GCC_WARN_64_TO_32_BIT_CONVERSION = YES;
				GCC_WARN_ABOUT_RETURN_TYPE = YES_ERROR;
				GCC_WARN_UNDECLARED_SELECTOR = YES;
				GCC_WARN_UNINITIALIZED_AUTOS = YES_AGGRESSIVE;
				GCC_WARN_UNUSED_FUNCTION = YES;
				GCC_WARN_UNUSED_VARIABLE = YES;
				IPHONEOS_DEPLOYMENT_TARGET = 8.1;
				MTL_ENABLE_DEBUG_INFO = NO;
				SDKROOT = iphoneos;
				TARGETED_DEVICE_FAMILY = "1,2";
				VALIDATE_PRODUCT = YES;
			};
			name = Release;
		};
		D3FC68C81A90F9730065E03A /* Debug */ = {
			isa = XCBuildConfiguration;
			buildSettings = {
				ASSETCATALOG_COMPILER_APPICON_NAME = AppIcon;
				INFOPLIST_FILE = FoodTracker/Info.plist;
				LD_RUNPATH_SEARCH_PATHS = "$(inherited) @executable_path/Frameworks";
				PRODUCT_NAME = "$(TARGET_NAME)";
			};
			name = Debug;
		};
		D3FC68C91A90F9730065E03A /* Release */ = {
			isa = XCBuildConfiguration;
			buildSettings = {
				ASSETCATALOG_COMPILER_APPICON_NAME = AppIcon;
				INFOPLIST_FILE = FoodTracker/Info.plist;
				LD_RUNPATH_SEARCH_PATHS = "$(inherited) @executable_path/Frameworks";
				PRODUCT_NAME = "$(TARGET_NAME)";
			};
			name = Release;
		};
		D3FC68CB1A90F9730065E03A /* Debug */ = {
			isa = XCBuildConfiguration;
			buildSettings = {
				BUNDLE_LOADER = "$(TEST_HOST)";
				FRAMEWORK_SEARCH_PATHS = (
					"$(SDKROOT)/Developer/Library/Frameworks",
					"$(inherited)",
				);
				GCC_PREPROCESSOR_DEFINITIONS = (
					"DEBUG=1",
					"$(inherited)",
				);
				INFOPLIST_FILE = FoodTrackerTests/Info.plist;
				LD_RUNPATH_SEARCH_PATHS = "$(inherited) @executable_path/Frameworks @loader_path/Frameworks";
				PRODUCT_NAME = "$(TARGET_NAME)";
				TEST_HOST = "$(BUILT_PRODUCTS_DIR)/FoodTracker.app/FoodTracker";
			};
			name = Debug;
		};
		D3FC68CC1A90F9730065E03A /* Release */ = {
			isa = XCBuildConfiguration;
			buildSettings = {
				BUNDLE_LOADER = "$(TEST_HOST)";
				FRAMEWORK_SEARCH_PATHS = (
					"$(SDKROOT)/Developer/Library/Frameworks",
					"$(inherited)",
				);
				INFOPLIST_FILE = FoodTrackerTests/Info.plist;
				LD_RUNPATH_SEARCH_PATHS = "$(inherited) @executable_path/Frameworks @loader_path/Frameworks";
				PRODUCT_NAME = "$(TARGET_NAME)";
				TEST_HOST = "$(BUILT_PRODUCTS_DIR)/FoodTracker.app/FoodTracker";
			};
			name = Release;
		};
/* End XCBuildConfiguration section */

/* Begin XCConfigurationList section */
		D3FC68A31A90F9730065E03A /* Build configuration list for PBXProject "FoodTracker" */ = {
			isa = XCConfigurationList;
			buildConfigurations = (
				D3FC68C51A90F9730065E03A /* Debug */,
				D3FC68C61A90F9730065E03A /* Release */,
			);
			defaultConfigurationIsVisible = 0;
			defaultConfigurationName = Release;
		};
		D3FC68C71A90F9730065E03A /* Build configuration list for PBXNativeTarget "FoodTracker" */ = {
			isa = XCConfigurationList;
			buildConfigurations = (
				D3FC68C81A90F9730065E03A /* Debug */,
				D3FC68C91A90F9730065E03A /* Release */,
			);
			defaultConfigurationIsVisible = 0;
			defaultConfigurationName = Release;
		};
		D3FC68CA1A90F9730065E03A /* Build configuration list for PBXNativeTarget "FoodTrackerTests" */ = {
			isa = XCConfigurationList;
			buildConfigurations = (
				D3FC68CB1A90F9730065E03A /* Debug */,
				D3FC68CC1A90F9730065E03A /* Release */,
			);
			defaultConfigurationIsVisible = 0;
			defaultConfigurationName = Release;
		};
/* End XCConfigurationList section */

/* Begin XCVersionGroup section */
		D39114541A91F37B00EB517D /* FoodTracker.xcdatamodeld */ = {
			isa = XCVersionGroup;
			children = (
				D39114551A91F37B00EB517D /* FoodTracker.xcdatamodel */,
			);
			currentVersion = D39114551A91F37B00EB517D /* FoodTracker.xcdatamodel */;
			path = FoodTracker.xcdatamodeld;
			sourceTree = "<group>";
			versionGroupType = wrapper.xcdatamodel;
		};
/* End XCVersionGroup section */
	};
	rootObject = D3FC68A01A90F9730065E03A /* Project object */;
}
